dependencies:
- name: trento-web
  repository: ""
  version: '>0.0.0'
- name: trento-runner
  repository: ""
  version: '>0.0.0'
- name: ara
  repository: ""
  version: '>0.0.0'
- name: consul
  repository: https://helm.releases.hashicorp.com
  version: 0.32.1
- name: postgresql
  repository: https://charts.bitnami.com/bitnami/
  version: 10.1.4
digest: sha256:0475d9be95993889cbee798076ac01010d02ef2385ce4f15ec758d56c58a3cd4
generated: "2021-10-04T14:57:11.460983913+02:00"
