{
  "name": "console-for-sap-frontend",
  "version": "0.0.1",
  "lockfileVersion": 1,
  "requires": true,
  "dependencies": {
    "bootstrap": {
      "version": "4.0.0",
      "resolved": "https://registry.npmjs.org/bootstrap/-/bootstrap-4.0.0.tgz",
      "integrity": "sha512-gulJE5dGFo6Q61V/whS6VM4WIyrlydXfCgkE+Gxe5hjrJ8rXLLZlALq7zq2RPhOc45PSwQpJkrTnc2KgD6cvmA=="
    },
    "eos-ds": {
      "version": "2.5.0",
      "resolved": "https://registry.npmjs.org/eos-ds/-/eos-ds-2.5.0.tgz",
      "integrity": "sha512-Lh4E9BOHs4lHt2T+WB9IFiKARAhODJ+NYv4R4w/Wp/JJcYjnPcZi+d8VtziRngGDzlBAoRA53ahGfVh0kCN0Hg==",
      "requires": {
        "bootstrap": "4.0.0",
        "eos-icons": "^4.12.0",
        "jquery": "3.2.1"
      }
    },
    "eos-icons": {
      "version": "4.12.0",
      "resolved": "https://registry.npmjs.org/eos-icons/-/eos-icons-4.12.0.tgz",
      "integrity": "sha512-E1trR0tMzBlL7jQ0H/KSP74pE1reM5aM96k8f8gMcaNKI0DUfVaC4Pqfaeb5T+hxivP/38j3iJl1NqdubF1e+Q=="
    },
    "jquery": {
      "version": "3.2.1",
      "resolved": "https://registry.npmjs.org/jquery/-/jquery-3.2.1.tgz",
      "integrity": "sha1-XE2d5lKvbNCncBVKYxu6ErAVx4c="
    }
  }
}
